
Microsoft Visual Studio Solution File, Format Version 12.00
# Visual Studio Version 16
VisualStudioVersion = 16.0.31729.503
MinimumVisualStudioVersion = 10.0.40219.1
Project("{FAE04EC0-301F-11D3-BF4B-00C04F79EFBC}") = "CursoCsharp", "CursoCsharp\CursoCsharp.csproj", "{763D6426-329B-4BC5-ABED-140EB7A7DBB6}"
EndProject
Global
	GlobalSection(SolutionConfigurationPlatforms) = preSolution
		Debug|Any CPU = Debug|Any CPU
		Release|Any CPU = Release|Any CPU
	EndGlobalSection
	GlobalSection(ProjectConfigurationPlatforms) = postSolution
		{763D6426-329B-4BC5-ABED-140EB7A7DBB6}.Debug|Any CPU.ActiveCfg = Debug|Any CPU
		{763D6426-329B-4BC5-ABED-140EB7A7DBB6}.Debug|Any CPU.Build.0 = Debug|Any CPU
		{763D6426-329B-4BC5-ABED-140EB7A7DBB6}.Release|Any CPU.ActiveCfg = Release|Any CPU
		{763D6426-329B-4BC5-ABED-140EB7A7DBB6}.Release|Any CPU.Build.0 = Release|Any CPU
	EndGlobalSection
	GlobalSection(SolutionProperties) = preSolution
		HideSolutionNode = FALSE
	EndGlobalSection
	GlobalSection(ExtensibilityGlobals) = postSolution
		SolutionGuid = {C2CE007B-CCE5-41E4-B876-2D310274A8DB}
	EndGlobalSection
EndGlobal
