
Microsoft Visual Studio Solution File, Format Version 12.00
# Visual Studio Version 16
VisualStudioVersion = 16.0.31729.503
MinimumVisualStudioVersion = 10.0.40219.1
Project("{FAE04EC0-301F-11D3-BF4B-00C04F79EFBC}") = "App01", "App01\App01.csproj", "{4884C248-6C71-4E76-B1A7-B5C1C91F7BBB}"
EndProject
Global
	GlobalSection(SolutionConfigurationPlatforms) = preSolution
		Debug|Any CPU = Debug|Any CPU
		Release|Any CPU = Release|Any CPU
	EndGlobalSection
	GlobalSection(ProjectConfigurationPlatforms) = postSolution
		{4884C248-6C71-4E76-B1A7-B5C1C91F7BBB}.Debug|Any CPU.ActiveCfg = Debug|Any CPU
		{4884C248-6C71-4E76-B1A7-B5C1C91F7BBB}.Debug|Any CPU.Build.0 = Debug|Any CPU
		{4884C248-6C71-4E76-B1A7-B5C1C91F7BBB}.Release|Any CPU.ActiveCfg = Release|Any CPU
		{4884C248-6C71-4E76-B1A7-B5C1C91F7BBB}.Release|Any CPU.Build.0 = Release|Any CPU
	EndGlobalSection
	GlobalSection(SolutionProperties) = preSolution
		HideSolutionNode = FALSE
	EndGlobalSection
	GlobalSection(ExtensibilityGlobals) = postSolution
		SolutionGuid = {8EB110E3-9309-4579-947C-65C874DADD1F}
	EndGlobalSection
EndGlobal
